
Microsoft Visual Studio Solution File, Format Version 12.00
# Visual Studio Version 17
VisualStudioVersion = 17.2.32602.215
MinimumVisualStudioVersion = 10.0.40219.1
Project("{FAE04EC0-301F-11D3-BF4B-00C04F79EFBC}") = "EmptyLobby", "EmptyLobby.csproj", "{39423C6E-C6DF-4B45-B58A-C04ACDFD4831}"
EndProject
Global
	GlobalSection(SolutionConfigurationPlatforms) = preSolution
		Debug|Any CPU = Debug|Any CPU
		Release|Any CPU = Release|Any CPU
	EndGlobalSection
	GlobalSection(ProjectConfigurationPlatforms) = postSolution
		{39423C6E-C6DF-4B45-B58A-C04ACDFD4831}.Debug|Any CPU.ActiveCfg = Debug|Any CPU
		{39423C6E-C6DF-4B45-B58A-C04ACDFD4831}.Debug|Any CPU.Build.0 = Debug|Any CPU
		{39423C6E-C6DF-4B45-B58A-C04ACDFD4831}.Release|Any CPU.ActiveCfg = Release|Any CPU
		{39423C6E-C6DF-4B45-B58A-C04ACDFD4831}.Release|Any CPU.Build.0 = Release|Any CPU
	EndGlobalSection
	GlobalSection(SolutionProperties) = preSolution
		HideSolutionNode = FALSE
	EndGlobalSection
	GlobalSection(ExtensibilityGlobals) = postSolution
		SolutionGuid = {6F041C4C-658A-4FF3-AF6D-763FC73C8D9F}
	EndGlobalSection
EndGlobal
